dependencies:
- name: cert-manager
  repository: https://charts.jetstack.io
  version: v1.14.5
- name: stunner-gateway-operator-dev
  repository: https://l7mp.io/stunner
  version: 0.18.0
- name: gateway-helm
  repository: oci://registry-1.docker.io/envoyproxy
  version: v1.0.1
digest: sha256:09e1be9c4dd1210d2d2d8d664c1d838bd30f59d716eecaa3f4e9d234d0b73a1e
generated: "2024-05-16T22:14:30.944944606+02:00"
